// !$*UTF8*$!
{
	archiveVersion = 1;
	classes = {
	};
	objectVersion = 50;
	objects = {

/* Begin PBXBuildFile section */
		CECB483F21EE1AE50004CD75 /* AppDelegate.swift in Sources */ = {isa = PBXBuildFile; fileRef = CECB483E21EE1AE50004CD75 /* AppDelegate.swift */; };
		CECB484121EE1AE50004CD75 /* ViewController.swift in Sources */ = {isa = PBXBuildFile; fileRef = CECB484021EE1AE50004CD75 /* ViewController.swift */; };
		CECB484421EE1AE50004CD75 /* Main.storyboard in Resources */ = {isa = PBXBuildFile; fileRef = CECB484221EE1AE50004CD75 /* Main.storyboard */; };
		CECB484621EE1AE70004CD75 /* Assets.xcassets in Resources */ = {isa = PBXBuildFile; fileRef = CECB484521EE1AE70004CD75 /* Assets.xcassets */; };
		CECB484921EE1AE70004CD75 /* LaunchScreen.storyboard in Resources */ = {isa = PBXBuildFile; fileRef = CECB484721EE1AE70004CD75 /* LaunchScreen.storyboard */; };
		CECB485121EE241B0004CD75 /* OurOwnButton.swift in Sources */ = {isa = PBXBuildFile; fileRef = CECB485021EE241B0004CD75 /* OurOwnButton.swift */; };
/* End PBXBuildFile section */

/* Begin PBXFileReference section */
		CECB483B21EE1AE50004CD75 /* MyFirstMillion.app */ = {isa = PBXFileReference; explicitFileType = wrapper.application; includeInIndex = 0; path = MyFirstMillion.app; sourceTree = BUILT_PRODUCTS_DIR; };
		CECB483E21EE1AE50004CD75 /* AppDelegate.swift */ = {isa = PBXFileReference; lastKnownFileType = sourcecode.swift; path = AppDelegate.swift; sourceTree = "<group>"; };
		CECB484021EE1AE50004CD75 /* ViewController.swift */ = {isa = PBXFileReference; lastKnownFileType = sourcecode.swift; path = ViewController.swift; sourceTree = "<group>"; };
		CECB484321EE1AE50004CD75 /* Base */ = {isa = PBXFileReference; lastKnownFileType = file.storyboard; name = Base; path = Base.lproj/Main.storyboard; sourceTree = "<group>"; };
		CECB484521EE1AE70004CD75 /* Assets.xcassets */ = {isa = PBXFileReference; lastKnownFileType = folder.assetcatalog; path = Assets.xcassets; sourceTree = "<group>"; };
		CECB484821EE1AE70004CD75 /* Base */ = {isa = PBXFileReference; lastKnownFileType = file.storyboard; name = Base; path = Base.lproj/LaunchScreen.storyboard; sourceTree = "<group>"; };
		CECB484A21EE1AE70004CD75 /* Info.plist */ = {isa = PBXFileReference; lastKnownFileType = text.plist.xml; path = Info.plist; sourceTree = "<group>"; };
		CECB485021EE241B0004CD75 /* OurOwnButton.swift */ = {isa = PBXFileReference; lastKnownFileType = sourcecode.swift; path = OurOwnButton.swift; sourceTree = "<group>"; };
/* End PBXFileReference section */

/* Begin PBXFrameworksBuildPhase section */
		CECB483821EE1AE50004CD75 /* Frameworks */ = {
			isa = PBXFrameworksBuildPhase;
			buildActionMask = 2147483647;
			files = (
			);
			runOnlyForDeploymentPostprocessing = 0;
		};
/* End PBXFrameworksBuildPhase section */

/* Begin PBXGroup section */
		CECB483221EE1AE50004CD75 = {
			isa = PBXGroup;
			children = (
				CECB483D21EE1AE50004CD75 /* MyFirstMillion */,
				CECB483C21EE1AE50004CD75 /* Products */,
			);
			sourceTree = "<group>";
		};
		CECB483C21EE1AE50004CD75 /* Products */ = {
			isa = PBXGroup;
			children = (
				CECB483B21EE1AE50004CD75 /* MyFirstMillion.app */,
			);
			name = Products;
			sourceTree = "<group>";
		};
		CECB483D21EE1AE50004CD75 /* MyFirstMillion */ = {
			isa = PBXGroup;
			children = (
				CECB483E21EE1AE50004CD75 /* AppDelegate.swift */,
				CECB484021EE1AE50004CD75 /* ViewController.swift */,
				CECB484221EE1AE50004CD75 /* Main.storyboard */,
				CECB485021EE241B0004CD75 /* OurOwnButton.swift */,
				CECB484521EE1AE70004CD75 /* Assets.xcassets */,
				CECB484721EE1AE70004CD75 /* LaunchScreen.storyboard */,
				CECB484A21EE1AE70004CD75 /* Info.plist */,
			);
			path = MyFirstMillion;
			sourceTree = "<group>";
		};
/* End PBXGroup section */

/* Begin PBXNativeTarget section */
		CECB483A21EE1AE50004CD75 /* MyFirstMillion */ = {
			isa = PBXNativeTarget;
			buildConfigurationList = CECB484D21EE1AE70004CD75 /* Build configuration list for PBXNativeTarget "MyFirstMillion" */;
			buildPhases = (
				CECB483721EE1AE50004CD75 /* Sources */,
				CECB483821EE1AE50004CD75 /* Frameworks */,
				CECB483921EE1AE50004CD75 /* Resources */,
			);
			buildRules = (
			);
			dependencies = (
			);
			name = MyFirstMillion;
			productName = MyFirstMillion;
			productReference = CECB483B21EE1AE50004CD75 /* MyFirstMillion.app */;
			productType = "com.apple.product-type.application";
		};
/* End PBXNativeTarget section */

/* Begin PBXProject section */
		CECB483321EE1AE50004CD75 /* Project object */ = {
			isa = PBXProject;
			attributes = {
				LastSwiftUpdateCheck = 1010;
				LastUpgradeCheck = 1010;
				ORGANIZATIONNAME = user;
				TargetAttributes = {
					CECB483A21EE1AE50004CD75 = {
						CreatedOnToolsVersion = 10.1;
					};
				};
			};
			buildConfigurationList = CECB483621EE1AE50004CD75 /* Build configuration list for PBXProject "MyFirstMillion" */;
			compatibilityVersion = "Xcode 9.3";
			developmentRegion = en;
			hasScannedForEncodings = 0;
			knownRegions = (
				en,
				Base,
			);
			mainGroup = CECB483221EE1AE50004CD75;
			productRefGroup = CECB483C21EE1AE50004CD75 /* Products */;
			projectDirPath = "";
			projectRoot = "";
			targets = (
				CECB483A21EE1AE50004CD75 /* MyFirstMillion */,
			);
		};
/* End PBXProject section */

/* Begin PBXResourcesBuildPhase section */
		CECB483921EE1AE50004CD75 /* Resources */ = {
			isa = PBXResourcesBuildPhase;
			buildActionMask = 2147483647;
			files = (
				CECB484921EE1AE70004CD75 /* LaunchScreen.storyboard in Resources */,
				CECB484621EE1AE70004CD75 /* Assets.xcassets in Resources */,
				CECB484421EE1AE50004CD75 /* Main.storyboard in Resources */,
			);
			runOnlyForDeploymentPostprocessing = 0;
		};
/* End PBXResourcesBuildPhase section */

/* Begin PBXSourcesBuildPhase section */
		CECB483721EE1AE50004CD75 /* Sources */ = {
			isa = PBXSourcesBuildPhase;
			buildActionMask = 2147483647;
			files = (
				CECB484121EE1AE50004CD75 /* ViewController.swift in Sources */,
				CECB485121EE241B0004CD75 /* OurOwnButton.swift in Sources */,
				CECB483F21EE1AE50004CD75 /* AppDelegate.swift in Sources */,
			);
			runOnlyForDeploymentPostprocessing = 0;
		};
/* End PBXSourcesBuildPhase section */

/* Begin PBXVariantGroup section */
		CECB484221EE1AE50004CD75 /* Main.storyboard */ = {
			isa = PBXVariantGroup;
			children = (
				CECB484321EE1AE50004CD75 /* Base */,
			);
			name = Main.storyboard;
			sourceTree = "<group>";
		};
		CECB484721EE1AE70004CD75 /* LaunchScreen.storyboard */ = {
			isa = PBXVariantGroup;
			children = (
				CECB484821EE1AE70004CD75 /* Base */,
			);
			name = LaunchScreen.storyboard;
			sourceTree = "<group>";
		};
/* End PBXVariantGroup section */

/* Begin XCBuildConfiguration section */
		CECB484B21EE1AE70004CD75 /* Debug */ = {
			isa = XCBuildConfiguration;
			buildSettings = {
				ALWAYS_SEARCH_USER_PATHS = NO;
				CLANG_ANALYZER_NONNULL = YES;
				CLANG_ANALYZER_NUMBER_OBJECT_CONVERSION = YES_AGGRESSIVE;
				CLANG_CXX_LANGUAGE_STANDARD = "gnu++14";
				CLANG_CXX_LIBRARY = "libc++";
				CLANG_ENABLE_MODULES = YES;
				CLANG_ENABLE_OBJC_ARC = YES;
				CLANG_ENABLE_OBJC_WEAK = YES;
				CLANG_WARN_BLOCK_CAPTURE_AUTORELEASING = YES;
				CLANG_WARN_BOOL_CONVERSION = YES;
				CLANG_WARN_COMMA = YES;
				CLANG_WARN_CONSTANT_CONVERSION = YES;
				CLANG_WARN_DEPRECATED_OBJC_IMPLEMENTATIONS = YES;
				CLANG_WARN_DIRECT_OBJC_ISA_USAGE = YES_ERROR;
				CLANG_WARN_DOCUMENTATION_COMMENTS = YES;
				CLANG_WARN_EMPTY_BODY = YES;
				CLANG_WARN_ENUM_CONVERSION = YES;
				CLANG_WARN_INFINITE_RECURSION = YES;
				CLANG_WARN_INT_CONVERSION = YES;
				CLANG_WARN_NON_LITERAL_NULL_CONVERSION = YES;
				CLANG_WARN_OBJC_IMPLICIT_RETAIN_SELF = YES;
				CLANG_WARN_OBJC_LITERAL_CONVERSION = YES;
				CLANG_WARN_OBJC_ROOT_CLASS = YES_ERROR;
				CLANG_WARN_RANGE_LOOP_ANALYSIS = YES;
				CLANG_WARN_STRICT_PROTOTYPES = YES;
				CLANG_WARN_SUSPICIOUS_MOVE = YES;
				CLANG_WARN_UNGUARDED_AVAILABILITY = YES_AGGRESSIVE;
				CLANG_WARN_UNREACHABLE_CODE = YES;
				CLANG_WARN__DUPLICATE_METHOD_MATCH = YES;
				CODE_SIGN_IDENTITY = "iPhone Developer";
				COPY_PHASE_STRIP = NO;
				DEBUG_INFORMATION_FORMAT = dwarf;
				ENABLE_STRICT_OBJC_MSGSEND = YES;
				ENABLE_TESTABILITY = YES;
				GCC_C_LANGUAGE_STANDARD = gnu11;
				GCC_DYNAMIC_NO_PIC = NO;
				GCC_NO_COMMON_BLOCKS = YES;
				GCC_OPTIMIZATION_LEVEL = 0;
				GCC_PREPROCESSOR_DEFINITIONS = (
					"DEBUG=1",
					"$(inherited)",
				);
				GCC_WARN_64_TO_32_BIT_CONVERSION = YES;
				GCC_WARN_ABOUT_RETURN_TYPE = YES_ERROR;
				GCC_WARN_UNDECLARED_SELECTOR = YES;
				GCC_WARN_UNINITIALIZED_AUTOS = YES_AGGRESSIVE;
				GCC_WARN_UNUSED_FUNCTION = YES;
				GCC_WARN_UNUSED_VARIABLE = YES;
				IPHONEOS_DEPLOYMENT_TARGET = 12.1;
				MTL_ENABLE_DEBUG_INFO = INCLUDE_SOURCE;
				MTL_FAST_MATH = YES;
				ONLY_ACTIVE_ARCH = YES;
				SDKROOT = iphoneos;
				SWIFT_ACTIVE_COMPILATION_CONDITIONS = DEBUG;
				SWIFT_OPTIMIZATION_LEVEL = "-Onone";
			};
			name = Debug;
		};
		CECB484C21EE1AE70004CD75 /* Release */ = {
			isa = XCBuildConfiguration;
			buildSettings = {
				ALWAYS_SEARCH_USER_PATHS = NO;
				CLANG_ANALYZER_NONNULL = YES;
				CLANG_ANALYZER_NUMBER_OBJECT_CONVERSION = YES_AGGRESSIVE;
				CLANG_CXX_LANGUAGE_STANDARD = "gnu++14";
				CLANG_CXX_LIBRARY = "libc++";
				CLANG_ENABLE_MODULES = YES;
				CLANG_ENABLE_OBJC_ARC = YES;
				CLANG_ENABLE_OBJC_WEAK = YES;
				CLANG_WARN_BLOCK_CAPTURE_AUTORELEASING = YES;
				CLANG_WARN_BOOL_CONVERSION = YES;
				CLANG_WARN_COMMA = YES;
				CLANG_WARN_CONSTANT_CONVERSION = YES;
				CLANG_WARN_DEPRECATED_OBJC_IMPLEMENTATIONS = YES;
				CLANG_WARN_DIRECT_OBJC_ISA_USAGE = YES_ERROR;
				CLANG_WARN_DOCUMENTATION_COMMENTS = YES;
				CLANG_WARN_EMPTY_BODY = YES;
				CLANG_WARN_ENUM_CONVERSION = YES;
				CLANG_WARN_INFINITE_RECURSION = YES;
				CLANG_WARN_INT_CONVERSION = YES;
				CLANG_WARN_NON_LITERAL_NULL_CONVERSION = YES;
				CLANG_WARN_OBJC_IMPLICIT_RETAIN_SELF = YES;
				CLANG_WARN_OBJC_LITERAL_CONVERSION = YES;
				CLANG_WARN_OBJC_ROOT_CLASS = YES_ERROR;
				CLANG_WARN_RANGE_LOOP_ANALYSIS = YES;
				CLANG_WARN_STRICT_PROTOTYPES = YES;
				CLANG_WARN_SUSPICIOUS_MOVE = YES;
				CLANG_WARN_UNGUARDED_AVAILABILITY = YES_AGGRESSIVE;
				CLANG_WARN_UNREACHABLE_CODE = YES;
				CLANG_WARN__DUPLICATE_METHOD_MATCH = YES;
				CODE_SIGN_IDENTITY = "iPhone Developer";
				COPY_PHASE_STRIP = NO;
				DEBUG_INFORMATION_FORMAT = "dwarf-with-dsym";
				ENABLE_NS_ASSERTIONS = NO;
				ENABLE_STRICT_OBJC_MSGSEND = YES;
				GCC_C_LANGUAGE_STANDARD = gnu11;
				GCC_NO_COMMON_BLOCKS = YES;
				GCC_WARN_64_TO_32_BIT_CONVERSION = YES;
				GCC_WARN_ABOUT_RETURN_TYPE = YES_ERROR;
				GCC_WARN_UNDECLARED_SELECTOR = YES;
				GCC_WARN_UNINITIALIZED_AUTOS = YES_AGGRESSIVE;
				GCC_WARN_UNUSED_FUNCTION = YES;
				GCC_WARN_UNUSED_VARIABLE = YES;
				IPHONEOS_DEPLOYMENT_TARGET = 12.1;
				MTL_ENABLE_DEBUG_INFO = NO;
				MTL_FAST_MATH = YES;
				SDKROOT = iphoneos;
				SWIFT_COMPILATION_MODE = wholemodule;
				SWIFT_OPTIMIZATION_LEVEL = "-O";
				VALIDATE_PRODUCT = YES;
			};
			name = Release;
		};
		CECB484E21EE1AE70004CD75 /* Debug */ = {
			isa = XCBuildConfiguration;
			buildSettings = {
				ASSETCATALOG_COMPILER_APPICON_NAME = AppIcon;
				CODE_SIGN_STYLE = Automatic;
				DEVELOPMENT_TEAM = KK2573MU9T;
				INFOPLIST_FILE = MyFirstMillion/Info.plist;
				LD_RUNPATH_SEARCH_PATHS = (
					"$(inherited)",
					"@executable_path/Frameworks",
				);
				PRODUCT_BUNDLE_IDENTIFIER = "-981kasito-gmail.com.MyFirstMillion";
				PRODUCT_NAME = "$(TARGET_NAME)";
				SWIFT_VERSION = 4.2;
				TARGETED_DEVICE_FAMILY = "1,2";
			};
			name = Debug;
		};
		CECB484F21EE1AE70004CD75 /* Release */ = {
			isa = XCBuildConfiguration;
			buildSettings = {
				ASSETCATALOG_COMPILER_APPICON_NAME = AppIcon;
				CODE_SIGN_STYLE = Automatic;
				DEVELOPMENT_TEAM = KK2573MU9T;
				INFOPLIST_FILE = MyFirstMillion/Info.plist;
				LD_RUNPATH_SEARCH_PATHS = (
					"$(inherited)",
					"@executable_path/Frameworks",
				);
				PRODUCT_BUNDLE_IDENTIFIER = "-981kasito-gmail.com.MyFirstMillion";
				PRODUCT_NAME = "$(TARGET_NAME)";
				SWIFT_VERSION = 4.2;
				TARGETED_DEVICE_FAMILY = "1,2";
			};
			name = Release;
		};
/* End XCBuildConfiguration section */

/* Begin XCConfigurationList section */
		CECB483621EE1AE50004CD75 /* Build configuration list for PBXProject "MyFirstMillion" */ = {
			isa = XCConfigurationList;
			buildConfigurations = (
				CECB484B21EE1AE70004CD75 /* Debug */,
				CECB484C21EE1AE70004CD75 /* Release */,
			);
			defaultConfigurationIsVisible = 0;
			defaultConfigurationName = Release;
		};
		CECB484D21EE1AE70004CD75 /* Build configuration list for PBXNativeTarget "MyFirstMillion" */ = {
			isa = XCConfigurationList;
			buildConfigurations = (
				CECB484E21EE1AE70004CD75 /* Debug */,
				CECB484F21EE1AE70004CD75 /* Release */,
			);
			defaultConfigurationIsVisible = 0;
			defaultConfigurationName = Release;
		};
/* End XCConfigurationList section */
	};
	rootObject = CECB483321EE1AE50004CD75 /* Project object */;
}
