// !$*UTF8*$!
{
	archiveVersion = 1;
	classes = {
	};
	objectVersion = 50;
	objects = {

/* Begin PBXBuildFile section */
		CE05930921EF6A5D0075E258 /* CircledViewExtention.swift in Sources */ = {isa = PBXBuildFile; fileRef = CE05930821EF6A5D0075E258 /* CircledViewExtention.swift */; };
		CE05930B21EF6CEB0075E258 /* CustomTextField.swift in Sources */ = {isa = PBXBuildFile; fileRef = CE05930A21EF6CEB0075E258 /* CustomTextField.swift */; };
		CE05930D21EF78DD0075E258 /* Wage.swift in Sources */ = {isa = PBXBuildFile; fileRef = CE05930C21EF78DD0075E258 /* Wage.swift */; };
		CE05931521EF79EB0075E258 /* KeyPathTests.swift in Sources */ = {isa = PBXBuildFile; fileRef = CE05931421EF79EB0075E258 /* KeyPathTests.swift */; };
		CE05931C21EF7A320075E258 /* Wage.swift in Sources */ = {isa = PBXBuildFile; fileRef = CE05930C21EF78DD0075E258 /* Wage.swift */; };
		CECB488D21EF61570004CD75 /* AppDelegate.swift in Sources */ = {isa = PBXBuildFile; fileRef = CECB488C21EF61570004CD75 /* AppDelegate.swift */; };
		CECB488F21EF61570004CD75 /* ViewController.swift in Sources */ = {isa = PBXBuildFile; fileRef = CECB488E21EF61570004CD75 /* ViewController.swift */; };
		CECB489221EF61570004CD75 /* Main.storyboard in Resources */ = {isa = PBXBuildFile; fileRef = CECB489021EF61570004CD75 /* Main.storyboard */; };
		CECB489421EF61590004CD75 /* Assets.xcassets in Resources */ = {isa = PBXBuildFile; fileRef = CECB489321EF61590004CD75 /* Assets.xcassets */; };
		CECB489721EF61590004CD75 /* LaunchScreen.storyboard in Resources */ = {isa = PBXBuildFile; fileRef = CECB489521EF61590004CD75 /* LaunchScreen.storyboard */; };
/* End PBXBuildFile section */

/* Begin PBXContainerItemProxy section */
		CE05931721EF79EB0075E258 /* PBXContainerItemProxy */ = {
			isa = PBXContainerItemProxy;
			containerPortal = CECB488121EF61570004CD75 /* Project object */;
			proxyType = 1;
			remoteGlobalIDString = CECB488821EF61570004CD75;
			remoteInfo = KeyPath;
		};
/* End PBXContainerItemProxy section */

/* Begin PBXFileReference section */
		CE05930821EF6A5D0075E258 /* CircledViewExtention.swift */ = {isa = PBXFileReference; lastKnownFileType = sourcecode.swift; path = CircledViewExtention.swift; sourceTree = "<group>"; };
		CE05930A21EF6CEB0075E258 /* CustomTextField.swift */ = {isa = PBXFileReference; lastKnownFileType = sourcecode.swift; path = CustomTextField.swift; sourceTree = "<group>"; };
		CE05930C21EF78DD0075E258 /* Wage.swift */ = {isa = PBXFileReference; lastKnownFileType = sourcecode.swift; path = Wage.swift; sourceTree = "<group>"; };
		CE05931221EF79EB0075E258 /* KeyPathTests.xctest */ = {isa = PBXFileReference; explicitFileType = wrapper.cfbundle; includeInIndex = 0; path = KeyPathTests.xctest; sourceTree = BUILT_PRODUCTS_DIR; };
		CE05931421EF79EB0075E258 /* KeyPathTests.swift */ = {isa = PBXFileReference; lastKnownFileType = sourcecode.swift; path = KeyPathTests.swift; sourceTree = "<group>"; };
		CE05931621EF79EB0075E258 /* Info.plist */ = {isa = PBXFileReference; lastKnownFileType = text.plist.xml; path = Info.plist; sourceTree = "<group>"; };
		CECB488921EF61570004CD75 /* KeyPath.app */ = {isa = PBXFileReference; explicitFileType = wrapper.application; includeInIndex = 0; path = KeyPath.app; sourceTree = BUILT_PRODUCTS_DIR; };
		CECB488C21EF61570004CD75 /* AppDelegate.swift */ = {isa = PBXFileReference; lastKnownFileType = sourcecode.swift; path = AppDelegate.swift; sourceTree = "<group>"; };
		CECB488E21EF61570004CD75 /* ViewController.swift */ = {isa = PBXFileReference; lastKnownFileType = sourcecode.swift; path = ViewController.swift; sourceTree = "<group>"; };
		CECB489121EF61570004CD75 /* Base */ = {isa = PBXFileReference; lastKnownFileType = file.storyboard; name = Base; path = Base.lproj/Main.storyboard; sourceTree = "<group>"; };
		CECB489321EF61590004CD75 /* Assets.xcassets */ = {isa = PBXFileReference; lastKnownFileType = folder.assetcatalog; path = Assets.xcassets; sourceTree = "<group>"; };
		CECB489621EF61590004CD75 /* Base */ = {isa = PBXFileReference; lastKnownFileType = file.storyboard; name = Base; path = Base.lproj/LaunchScreen.storyboard; sourceTree = "<group>"; };
		CECB489821EF61590004CD75 /* Info.plist */ = {isa = PBXFileReference; lastKnownFileType = text.plist.xml; path = Info.plist; sourceTree = "<group>"; };
/* End PBXFileReference section */

/* Begin PBXFrameworksBuildPhase section */
		CE05930F21EF79EB0075E258 /* Frameworks */ = {
			isa = PBXFrameworksBuildPhase;
			buildActionMask = 2147483647;
			files = (
			);
			runOnlyForDeploymentPostprocessing = 0;
		};
		CECB488621EF61570004CD75 /* Frameworks */ = {
			isa = PBXFrameworksBuildPhase;
			buildActionMask = 2147483647;
			files = (
			);
			runOnlyForDeploymentPostprocessing = 0;
		};
/* End PBXFrameworksBuildPhase section */

/* Begin PBXGroup section */
		CE05930521EF69D50075E258 /* Model */ = {
			isa = PBXGroup;
			children = (
				CE05930C21EF78DD0075E258 /* Wage.swift */,
			);
			path = Model;
			sourceTree = "<group>";
		};
		CE05930621EF69DE0075E258 /* View */ = {
			isa = PBXGroup;
			children = (
				CE05930821EF6A5D0075E258 /* CircledViewExtention.swift */,
				CE05930A21EF6CEB0075E258 /* CustomTextField.swift */,
			);
			path = View;
			sourceTree = "<group>";
		};
		CE05930721EF69E50075E258 /* Controller */ = {
			isa = PBXGroup;
			children = (
				CECB488E21EF61570004CD75 /* ViewController.swift */,
			);
			path = Controller;
			sourceTree = "<group>";
		};
		CE05931321EF79EB0075E258 /* KeyPathTests */ = {
			isa = PBXGroup;
			children = (
				CE05931421EF79EB0075E258 /* KeyPathTests.swift */,
				CE05931621EF79EB0075E258 /* Info.plist */,
			);
			path = KeyPathTests;
			sourceTree = "<group>";
		};
		CECB488021EF61570004CD75 = {
			isa = PBXGroup;
			children = (
				CECB488B21EF61570004CD75 /* KeyPath */,
				CE05931321EF79EB0075E258 /* KeyPathTests */,
				CECB488A21EF61570004CD75 /* Products */,
			);
			sourceTree = "<group>";
		};
		CECB488A21EF61570004CD75 /* Products */ = {
			isa = PBXGroup;
			children = (
				CECB488921EF61570004CD75 /* KeyPath.app */,
				CE05931221EF79EB0075E258 /* KeyPathTests.xctest */,
			);
			name = Products;
			sourceTree = "<group>";
		};
		CECB488B21EF61570004CD75 /* KeyPath */ = {
			isa = PBXGroup;
			children = (
				CECB488C21EF61570004CD75 /* AppDelegate.swift */,
				CE05930521EF69D50075E258 /* Model */,
				CE05930621EF69DE0075E258 /* View */,
				CE05930721EF69E50075E258 /* Controller */,
				CECB489021EF61570004CD75 /* Main.storyboard */,
				CECB489321EF61590004CD75 /* Assets.xcassets */,
				CECB489521EF61590004CD75 /* LaunchScreen.storyboard */,
				CECB489821EF61590004CD75 /* Info.plist */,
			);
			path = KeyPath;
			sourceTree = "<group>";
		};
/* End PBXGroup section */

/* Begin PBXNativeTarget section */
		CE05931121EF79EB0075E258 /* KeyPathTests */ = {
			isa = PBXNativeTarget;
			buildConfigurationList = CE05931921EF79EB0075E258 /* Build configuration list for PBXNativeTarget "KeyPathTests" */;
			buildPhases = (
				CE05930E21EF79EB0075E258 /* Sources */,
				CE05930F21EF79EB0075E258 /* Frameworks */,
				CE05931021EF79EB0075E258 /* Resources */,
			);
			buildRules = (
			);
			dependencies = (
				CE05931821EF79EB0075E258 /* PBXTargetDependency */,
			);
			name = KeyPathTests;
			productName = KeyPathTests;
			productReference = CE05931221EF79EB0075E258 /* KeyPathTests.xctest */;
			productType = "com.apple.product-type.bundle.unit-test";
		};
		CECB488821EF61570004CD75 /* KeyPath */ = {
			isa = PBXNativeTarget;
			buildConfigurationList = CECB489B21EF61590004CD75 /* Build configuration list for PBXNativeTarget "KeyPath" */;
			buildPhases = (
				CECB488521EF61570004CD75 /* Sources */,
				CECB488621EF61570004CD75 /* Frameworks */,
				CECB488721EF61570004CD75 /* Resources */,
			);
			buildRules = (
			);
			dependencies = (
			);
			name = KeyPath;
			productName = KeyPath;
			productReference = CECB488921EF61570004CD75 /* KeyPath.app */;
			productType = "com.apple.product-type.application";
		};
/* End PBXNativeTarget section */

/* Begin PBXProject section */
		CECB488121EF61570004CD75 /* Project object */ = {
			isa = PBXProject;
			attributes = {
				LastSwiftUpdateCheck = 1010;
				LastUpgradeCheck = 1010;
				ORGANIZATIONNAME = user;
				TargetAttributes = {
					CE05931121EF79EB0075E258 = {
						CreatedOnToolsVersion = 10.1;
						TestTargetID = CECB488821EF61570004CD75;
					};
					CECB488821EF61570004CD75 = {
						CreatedOnToolsVersion = 10.1;
					};
				};
			};
			buildConfigurationList = CECB488421EF61570004CD75 /* Build configuration list for PBXProject "KeyPath" */;
			compatibilityVersion = "Xcode 9.3";
			developmentRegion = en;
			hasScannedForEncodings = 0;
			knownRegions = (
				en,
				Base,
			);
			mainGroup = CECB488021EF61570004CD75;
			productRefGroup = CECB488A21EF61570004CD75 /* Products */;
			projectDirPath = "";
			projectRoot = "";
			targets = (
				CECB488821EF61570004CD75 /* KeyPath */,
				CE05931121EF79EB0075E258 /* KeyPathTests */,
			);
		};
/* End PBXProject section */

/* Begin PBXResourcesBuildPhase section */
		CE05931021EF79EB0075E258 /* Resources */ = {
			isa = PBXResourcesBuildPhase;
			buildActionMask = 2147483647;
			files = (
			);
			runOnlyForDeploymentPostprocessing = 0;
		};
		CECB488721EF61570004CD75 /* Resources */ = {
			isa = PBXResourcesBuildPhase;
			buildActionMask = 2147483647;
			files = (
				CECB489721EF61590004CD75 /* LaunchScreen.storyboard in Resources */,
				CECB489421EF61590004CD75 /* Assets.xcassets in Resources */,
				CECB489221EF61570004CD75 /* Main.storyboard in Resources */,
			);
			runOnlyForDeploymentPostprocessing = 0;
		};
/* End PBXResourcesBuildPhase section */

/* Begin PBXSourcesBuildPhase section */
		CE05930E21EF79EB0075E258 /* Sources */ = {
			isa = PBXSourcesBuildPhase;
			buildActionMask = 2147483647;
			files = (
				CE05931521EF79EB0075E258 /* KeyPathTests.swift in Sources */,
				CE05931C21EF7A320075E258 /* Wage.swift in Sources */,
			);
			runOnlyForDeploymentPostprocessing = 0;
		};
		CECB488521EF61570004CD75 /* Sources */ = {
			isa = PBXSourcesBuildPhase;
			buildActionMask = 2147483647;
			files = (
				CE05930B21EF6CEB0075E258 /* CustomTextField.swift in Sources */,
				CECB488F21EF61570004CD75 /* ViewController.swift in Sources */,
				CE05930D21EF78DD0075E258 /* Wage.swift in Sources */,
				CECB488D21EF61570004CD75 /* AppDelegate.swift in Sources */,
				CE05930921EF6A5D0075E258 /* CircledViewExtention.swift in Sources */,
			);
			runOnlyForDeploymentPostprocessing = 0;
		};
/* End PBXSourcesBuildPhase section */

/* Begin PBXTargetDependency section */
		CE05931821EF79EB0075E258 /* PBXTargetDependency */ = {
			isa = PBXTargetDependency;
			target = CECB488821EF61570004CD75 /* KeyPath */;
			targetProxy = CE05931721EF79EB0075E258 /* PBXContainerItemProxy */;
		};
/* End PBXTargetDependency section */

/* Begin PBXVariantGroup section */
		CECB489021EF61570004CD75 /* Main.storyboard */ = {
			isa = PBXVariantGroup;
			children = (
				CECB489121EF61570004CD75 /* Base */,
			);
			name = Main.storyboard;
			sourceTree = "<group>";
		};
		CECB489521EF61590004CD75 /* LaunchScreen.storyboard */ = {
			isa = PBXVariantGroup;
			children = (
				CECB489621EF61590004CD75 /* Base */,
			);
			name = LaunchScreen.storyboard;
			sourceTree = "<group>";
		};
/* End PBXVariantGroup section */

/* Begin XCBuildConfiguration section */
		CE05931A21EF79EB0075E258 /* Debug */ = {
			isa = XCBuildConfiguration;
			buildSettings = {
				BUNDLE_LOADER = "$(TEST_HOST)";
				CODE_SIGN_STYLE = Automatic;
				DEVELOPMENT_TEAM = KK2573MU9T;
				INFOPLIST_FILE = KeyPathTests/Info.plist;
				LD_RUNPATH_SEARCH_PATHS = (
					"$(inherited)",
					"@executable_path/Frameworks",
					"@loader_path/Frameworks",
				);
				PRODUCT_BUNDLE_IDENTIFIER = "-981kasito-gmail.com.KeyPathTests";
				PRODUCT_NAME = "$(TARGET_NAME)";
				SWIFT_VERSION = 4.2;
				TARGETED_DEVICE_FAMILY = "1,2";
				TEST_HOST = "$(BUILT_PRODUCTS_DIR)/KeyPath.app/KeyPath";
			};
			name = Debug;
		};
		CE05931B21EF79EB0075E258 /* Release */ = {
			isa = XCBuildConfiguration;
			buildSettings = {
				BUNDLE_LOADER = "$(TEST_HOST)";
				CODE_SIGN_STYLE = Automatic;
				DEVELOPMENT_TEAM = KK2573MU9T;
				INFOPLIST_FILE = KeyPathTests/Info.plist;
				LD_RUNPATH_SEARCH_PATHS = (
					"$(inherited)",
					"@executable_path/Frameworks",
					"@loader_path/Frameworks",
				);
				PRODUCT_BUNDLE_IDENTIFIER = "-981kasito-gmail.com.KeyPathTests";
				PRODUCT_NAME = "$(TARGET_NAME)";
				SWIFT_VERSION = 4.2;
				TARGETED_DEVICE_FAMILY = "1,2";
				TEST_HOST = "$(BUILT_PRODUCTS_DIR)/KeyPath.app/KeyPath";
			};
			name = Release;
		};
		CECB489921EF61590004CD75 /* Debug */ = {
			isa = XCBuildConfiguration;
			buildSettings = {
				ALWAYS_SEARCH_USER_PATHS = NO;
				CLANG_ANALYZER_NONNULL = YES;
				CLANG_ANALYZER_NUMBER_OBJECT_CONVERSION = YES_AGGRESSIVE;
				CLANG_CXX_LANGUAGE_STANDARD = "gnu++14";
				CLANG_CXX_LIBRARY = "libc++";
				CLANG_ENABLE_MODULES = YES;
				CLANG_ENABLE_OBJC_ARC = YES;
				CLANG_ENABLE_OBJC_WEAK = YES;
				CLANG_WARN_BLOCK_CAPTURE_AUTORELEASING = YES;
				CLANG_WARN_BOOL_CONVERSION = YES;
				CLANG_WARN_COMMA = YES;
				CLANG_WARN_CONSTANT_CONVERSION = YES;
				CLANG_WARN_DEPRECATED_OBJC_IMPLEMENTATIONS = YES;
				CLANG_WARN_DIRECT_OBJC_ISA_USAGE = YES_ERROR;
				CLANG_WARN_DOCUMENTATION_COMMENTS = YES;
				CLANG_WARN_EMPTY_BODY = YES;
				CLANG_WARN_ENUM_CONVERSION = YES;
				CLANG_WARN_INFINITE_RECURSION = YES;
				CLANG_WARN_INT_CONVERSION = YES;
				CLANG_WARN_NON_LITERAL_NULL_CONVERSION = YES;
				CLANG_WARN_OBJC_IMPLICIT_RETAIN_SELF = YES;
				CLANG_WARN_OBJC_LITERAL_CONVERSION = YES;
				CLANG_WARN_OBJC_ROOT_CLASS = YES_ERROR;
				CLANG_WARN_RANGE_LOOP_ANALYSIS = YES;
				CLANG_WARN_STRICT_PROTOTYPES = YES;
				CLANG_WARN_SUSPICIOUS_MOVE = YES;
				CLANG_WARN_UNGUARDED_AVAILABILITY = YES_AGGRESSIVE;
				CLANG_WARN_UNREACHABLE_CODE = YES;
				CLANG_WARN__DUPLICATE_METHOD_MATCH = YES;
				CODE_SIGN_IDENTITY = "iPhone Developer";
				COPY_PHASE_STRIP = NO;
				DEBUG_INFORMATION_FORMAT = dwarf;
				ENABLE_STRICT_OBJC_MSGSEND = YES;
				ENABLE_TESTABILITY = YES;
				GCC_C_LANGUAGE_STANDARD = gnu11;
				GCC_DYNAMIC_NO_PIC = NO;
				GCC_NO_COMMON_BLOCKS = YES;
				GCC_OPTIMIZATION_LEVEL = 0;
				GCC_PREPROCESSOR_DEFINITIONS = (
					"DEBUG=1",
					"$(inherited)",
				);
				GCC_WARN_64_TO_32_BIT_CONVERSION = YES;
				GCC_WARN_ABOUT_RETURN_TYPE = YES_ERROR;
				GCC_WARN_UNDECLARED_SELECTOR = YES;
				GCC_WARN_UNINITIALIZED_AUTOS = YES_AGGRESSIVE;
				GCC_WARN_UNUSED_FUNCTION = YES;
				GCC_WARN_UNUSED_VARIABLE = YES;
				IPHONEOS_DEPLOYMENT_TARGET = 12.1;
				MTL_ENABLE_DEBUG_INFO = INCLUDE_SOURCE;
				MTL_FAST_MATH = YES;
				ONLY_ACTIVE_ARCH = YES;
				SDKROOT = iphoneos;
				SWIFT_ACTIVE_COMPILATION_CONDITIONS = DEBUG;
				SWIFT_OPTIMIZATION_LEVEL = "-Onone";
			};
			name = Debug;
		};
		CECB489A21EF61590004CD75 /* Release */ = {
			isa = XCBuildConfiguration;
			buildSettings = {
				ALWAYS_SEARCH_USER_PATHS = NO;
				CLANG_ANALYZER_NONNULL = YES;
				CLANG_ANALYZER_NUMBER_OBJECT_CONVERSION = YES_AGGRESSIVE;
				CLANG_CXX_LANGUAGE_STANDARD = "gnu++14";
				CLANG_CXX_LIBRARY = "libc++";
				CLANG_ENABLE_MODULES = YES;
				CLANG_ENABLE_OBJC_ARC = YES;
				CLANG_ENABLE_OBJC_WEAK = YES;
				CLANG_WARN_BLOCK_CAPTURE_AUTORELEASING = YES;
				CLANG_WARN_BOOL_CONVERSION = YES;
				CLANG_WARN_COMMA = YES;
				CLANG_WARN_CONSTANT_CONVERSION = YES;
				CLANG_WARN_DEPRECATED_OBJC_IMPLEMENTATIONS = YES;
				CLANG_WARN_DIRECT_OBJC_ISA_USAGE = YES_ERROR;
				CLANG_WARN_DOCUMENTATION_COMMENTS = YES;
				CLANG_WARN_EMPTY_BODY = YES;
				CLANG_WARN_ENUM_CONVERSION = YES;
				CLANG_WARN_INFINITE_RECURSION = YES;
				CLANG_WARN_INT_CONVERSION = YES;
				CLANG_WARN_NON_LITERAL_NULL_CONVERSION = YES;
				CLANG_WARN_OBJC_IMPLICIT_RETAIN_SELF = YES;
				CLANG_WARN_OBJC_LITERAL_CONVERSION = YES;
				CLANG_WARN_OBJC_ROOT_CLASS = YES_ERROR;
				CLANG_WARN_RANGE_LOOP_ANALYSIS = YES;
				CLANG_WARN_STRICT_PROTOTYPES = YES;
				CLANG_WARN_SUSPICIOUS_MOVE = YES;
				CLANG_WARN_UNGUARDED_AVAILABILITY = YES_AGGRESSIVE;
				CLANG_WARN_UNREACHABLE_CODE = YES;
				CLANG_WARN__DUPLICATE_METHOD_MATCH = YES;
				CODE_SIGN_IDENTITY = "iPhone Developer";
				COPY_PHASE_STRIP = NO;
				DEBUG_INFORMATION_FORMAT = "dwarf-with-dsym";
				ENABLE_NS_ASSERTIONS = NO;
				ENABLE_STRICT_OBJC_MSGSEND = YES;
				GCC_C_LANGUAGE_STANDARD = gnu11;
				GCC_NO_COMMON_BLOCKS = YES;
				GCC_WARN_64_TO_32_BIT_CONVERSION = YES;
				GCC_WARN_ABOUT_RETURN_TYPE = YES_ERROR;
				GCC_WARN_UNDECLARED_SELECTOR = YES;
				GCC_WARN_UNINITIALIZED_AUTOS = YES_AGGRESSIVE;
				GCC_WARN_UNUSED_FUNCTION = YES;
				GCC_WARN_UNUSED_VARIABLE = YES;
				IPHONEOS_DEPLOYMENT_TARGET = 12.1;
				MTL_ENABLE_DEBUG_INFO = NO;
				MTL_FAST_MATH = YES;
				SDKROOT = iphoneos;
				SWIFT_COMPILATION_MODE = wholemodule;
				SWIFT_OPTIMIZATION_LEVEL = "-O";
				VALIDATE_PRODUCT = YES;
			};
			name = Release;
		};
		CECB489C21EF61590004CD75 /* Debug */ = {
			isa = XCBuildConfiguration;
			buildSettings = {
				ASSETCATALOG_COMPILER_APPICON_NAME = AppIcon;
				CODE_SIGN_STYLE = Automatic;
				DEVELOPMENT_TEAM = KK2573MU9T;
				INFOPLIST_FILE = KeyPath/Info.plist;
				LD_RUNPATH_SEARCH_PATHS = (
					"$(inherited)",
					"@executable_path/Frameworks",
				);
				PRODUCT_BUNDLE_IDENTIFIER = "-981kasito-gmail.com.KeyPath";
				PRODUCT_NAME = "$(TARGET_NAME)";
				SWIFT_VERSION = 4.2;
				TARGETED_DEVICE_FAMILY = "1,2";
			};
			name = Debug;
		};
		CECB489D21EF61590004CD75 /* Release */ = {
			isa = XCBuildConfiguration;
			buildSettings = {
				ASSETCATALOG_COMPILER_APPICON_NAME = AppIcon;
				CODE_SIGN_STYLE = Automatic;
				DEVELOPMENT_TEAM = KK2573MU9T;
				INFOPLIST_FILE = KeyPath/Info.plist;
				LD_RUNPATH_SEARCH_PATHS = (
					"$(inherited)",
					"@executable_path/Frameworks",
				);
				PRODUCT_BUNDLE_IDENTIFIER = "-981kasito-gmail.com.KeyPath";
				PRODUCT_NAME = "$(TARGET_NAME)";
				SWIFT_VERSION = 4.2;
				TARGETED_DEVICE_FAMILY = "1,2";
			};
			name = Release;
		};
/* End XCBuildConfiguration section */

/* Begin XCConfigurationList section */
		CE05931921EF79EB0075E258 /* Build configuration list for PBXNativeTarget "KeyPathTests" */ = {
			isa = XCConfigurationList;
			buildConfigurations = (
				CE05931A21EF79EB0075E258 /* Debug */,
				CE05931B21EF79EB0075E258 /* Release */,
			);
			defaultConfigurationIsVisible = 0;
			defaultConfigurationName = Release;
		};
		CECB488421EF61570004CD75 /* Build configuration list for PBXProject "KeyPath" */ = {
			isa = XCConfigurationList;
			buildConfigurations = (
				CECB489921EF61590004CD75 /* Debug */,
				CECB489A21EF61590004CD75 /* Release */,
			);
			defaultConfigurationIsVisible = 0;
			defaultConfigurationName = Release;
		};
		CECB489B21EF61590004CD75 /* Build configuration list for PBXNativeTarget "KeyPath" */ = {
			isa = XCConfigurationList;
			buildConfigurations = (
				CECB489C21EF61590004CD75 /* Debug */,
				CECB489D21EF61590004CD75 /* Release */,
			);
			defaultConfigurationIsVisible = 0;
			defaultConfigurationName = Release;
		};
/* End XCConfigurationList section */
	};
	rootObject = CECB488121EF61570004CD75 /* Project object */;
}
